
Microsoft Visual Studio Solution File, Format Version 12.00
# Visual Studio Version 16
VisualStudioVersion = 16.0.30413.136
MinimumVisualStudioVersion = 10.0.40219.1
Project("{8BC9CEB8-8B4A-11D0-8D11-00A0C91BC942}") = "Thorium", "Projects\Thorium\Thorium.vcxproj", "{4F6DFE8F-4B7C-4F9A-A17D-D7F83B611028}"
EndProject
Project("{8BC9CEB8-8B4A-11D0-8D11-00A0C91BC942}") = "UnitTestsThorium", "Projects\UnitTestsThorium\UnitTestsThorium.vcxproj", "{55975DED-0478-4F73-9A0A-971BF20C3FE3}"
EndProject
Project("{8BC9CEB8-8B4A-11D0-8D11-00A0C91BC942}") = "TowerDefensePS4", "Projects\TowerDefensePS4\TowerDefensePS4.vcxproj", "{F59D376E-A691-4319-8AA7-60920FF56DCB}"
EndProject
Global
	GlobalSection(SolutionConfigurationPlatforms) = preSolution
		Debug|x64 = Debug|x64
		Release|x64 = Release|x64
	EndGlobalSection
	GlobalSection(ProjectConfigurationPlatforms) = postSolution
		{4F6DFE8F-4B7C-4F9A-A17D-D7F83B611028}.Debug|x64.ActiveCfg = Debug|x64
		{4F6DFE8F-4B7C-4F9A-A17D-D7F83B611028}.Debug|x64.Build.0 = Debug|x64
		{4F6DFE8F-4B7C-4F9A-A17D-D7F83B611028}.Release|x64.ActiveCfg = Release|x64
		{4F6DFE8F-4B7C-4F9A-A17D-D7F83B611028}.Release|x64.Build.0 = Release|x64
		{55975DED-0478-4F73-9A0A-971BF20C3FE3}.Debug|x64.ActiveCfg = Debug|x64
		{55975DED-0478-4F73-9A0A-971BF20C3FE3}.Release|x64.ActiveCfg = Release|x64
		{F59D376E-A691-4319-8AA7-60920FF56DCB}.Debug|x64.ActiveCfg = Debug|x64
		{F59D376E-A691-4319-8AA7-60920FF56DCB}.Debug|x64.Build.0 = Debug|x64
		{F59D376E-A691-4319-8AA7-60920FF56DCB}.Release|x64.ActiveCfg = Release|x64
		{F59D376E-A691-4319-8AA7-60920FF56DCB}.Release|x64.Build.0 = Release|x64
	EndGlobalSection
	GlobalSection(SolutionProperties) = preSolution
		HideSolutionNode = FALSE
	EndGlobalSection
	GlobalSection(ExtensibilityGlobals) = postSolution
		SolutionGuid = {0A8FF30E-A311-453F-9939-CE2DAA20F970}
	EndGlobalSection
EndGlobal
