
Microsoft Visual Studio Solution File, Format Version 12.00
# Visual Studio Version 16
VisualStudioVersion = 16.0.30907.101
MinimumVisualStudioVersion = 10.0.40219.1
Project("{8BC9CEB8-8B4A-11D0-8D11-00A0C91BC942}") = "FracEngine", "FracEngine\FracEngine.vcxproj", "{08DBA7B5-926F-4E8A-9E0E-BC4C80CFE166}"
	ProjectSection(ProjectDependencies) = postProject
		{740FCF03-10C6-48DF-87CE-16477DB3E03B} = {740FCF03-10C6-48DF-87CE-16477DB3E03B}
		{549DF53A-067B-4739-A42C-7C2C0ED15B38} = {549DF53A-067B-4739-A42C-7C2C0ED15B38}
		{7CE85089-7F97-4B12-B154-D233F498157B} = {7CE85089-7F97-4B12-B154-D233F498157B}
		{F0A7238E-080B-4DA6-9593-B7BA0F5AB448} = {F0A7238E-080B-4DA6-9593-B7BA0F5AB448}
		{60A86A91-2374-49E0-B3B3-BA0C79A2B89D} = {60A86A91-2374-49E0-B3B3-BA0C79A2B89D}
		{DA301395-F45A-4E30-9438-010560FE4B0D} = {DA301395-F45A-4E30-9438-010560FE4B0D}
		{DAA5CBE3-7297-4DBF-A49F-36880C31D996} = {DAA5CBE3-7297-4DBF-A49F-36880C31D996}
		{7847D3FA-AD68-4BFF-8F3B-3D5196B52160} = {7847D3FA-AD68-4BFF-8F3B-3D5196B52160}
	EndProjectSection
EndProject
Project("{8BC9CEB8-8B4A-11D0-8D11-00A0C91BC942}") = "Flecs", "Externals\Flecs\Flecs.vcxproj", "{7CE85089-7F97-4B12-B154-D233F498157B}"
EndProject
Project("{8BC9CEB8-8B4A-11D0-8D11-00A0C91BC942}") = "TDGame", "TDGame\TDGame.vcxproj", "{FE9F3F60-3785-48E3-B7EE-DB6595D697D1}"
	ProjectSection(ProjectDependencies) = postProject
		{CF86C097-A763-4141-9975-1EA169CE7BFA} = {CF86C097-A763-4141-9975-1EA169CE7BFA}
		{08DBA7B5-926F-4E8A-9E0E-BC4C80CFE166} = {08DBA7B5-926F-4E8A-9E0E-BC4C80CFE166}
	EndProjectSection
EndProject
Project("{2150E333-8FDC-42A3-9474-1A3956D46DE8}") = "Externals", "Externals", "{EA1E3F25-85E7-46CA-B407-BB77F803EEED}"
EndProject
Project("{8BC9CEB8-8B4A-11D0-8D11-00A0C91BC942}") = "DocumentationExamples", "DocumentationExamples\DocumentationExamples.vcxproj", "{09FDAACD-90D7-4590-BD5A-D54843FF1607}"
	ProjectSection(ProjectDependencies) = postProject
		{08DBA7B5-926F-4E8A-9E0E-BC4C80CFE166} = {08DBA7B5-926F-4E8A-9E0E-BC4C80CFE166}
	EndProjectSection
EndProject
Project("{8BC9CEB8-8B4A-11D0-8D11-00A0C91BC942}") = "GTest", "Externals\GTest\GTest.vcxproj", "{BCA44BF3-EB59-4678-AF12-0A36A7D23BF0}"
EndProject
Project("{8BC9CEB8-8B4A-11D0-8D11-00A0C91BC942}") = "GMock", "Externals\GMock\GMock.vcxproj", "{895DCFB8-9A83-42CD-8F90-F9AB157C470F}"
EndProject
Project("{8BC9CEB8-8B4A-11D0-8D11-00A0C91BC942}") = "Glm", "Externals\Glm\Glm.vcxproj", "{DA301395-F45A-4E30-9438-010560FE4B0D}"
EndProject
Project("{8BC9CEB8-8B4A-11D0-8D11-00A0C91BC942}") = "GLFW", "Externals\GLFW\GLFW.vcxproj", "{740FCF03-10C6-48DF-87CE-16477DB3E03B}"
EndProject
Project("{8BC9CEB8-8B4A-11D0-8D11-00A0C91BC942}") = "Glad", "Externals\Glad\Glad.vcxproj", "{F0A7238E-080B-4DA6-9593-B7BA0F5AB448}"
EndProject
Project("{8BC9CEB8-8B4A-11D0-8D11-00A0C91BC942}") = "SuperLuminal", "Externals\SuperLuminal\SuperLuminal.vcxproj", "{DAA5CBE3-7297-4DBF-A49F-36880C31D996}"
EndProject
Project("{8BC9CEB8-8B4A-11D0-8D11-00A0C91BC942}") = "DearImGui", "Externals\DearImGui\DearImGui.vcxproj", "{549DF53A-067B-4739-A42C-7C2C0ED15B38}"
	ProjectSection(ProjectDependencies) = postProject
		{740FCF03-10C6-48DF-87CE-16477DB3E03B} = {740FCF03-10C6-48DF-87CE-16477DB3E03B}
		{F0A7238E-080B-4DA6-9593-B7BA0F5AB448} = {F0A7238E-080B-4DA6-9593-B7BA0F5AB448}
	EndProjectSection
EndProject
Project("{8BC9CEB8-8B4A-11D0-8D11-00A0C91BC942}") = "Tinygltf", "Externals\tinygltf\Tinygltf.vcxproj", "{71CA2519-AA9D-42AA-8313-870DC859E0A1}"
EndProject
Project("{8BC9CEB8-8B4A-11D0-8D11-00A0C91BC942}") = "Stb_image", "Externals\stb_image\Stb_image.vcxproj", "{3E0EA9DC-E455-4774-B826-56267602048E}"
EndProject
Project("{8BC9CEB8-8B4A-11D0-8D11-00A0C91BC942}") = "Nlohmann", "Externals\Nlohmann\Nlohmann.vcxproj", "{770E3C71-4682-45CA-86A3-402013B90015}"
EndProject
Project("{2150E333-8FDC-42A3-9474-1A3956D46DE8}") = "Graphics API's", "Graphics API's", "{E8420264-ADB6-461E-AE29-1BE57E74B9F2}"
EndProject
Project("{8BC9CEB8-8B4A-11D0-8D11-00A0C91BC942}") = "OpenGLRenderer", "OpenGLRenderer\OpenGLRenderer.vcxproj", "{CF86C097-A763-4141-9975-1EA169CE7BFA}"
	ProjectSection(ProjectDependencies) = postProject
		{DA301395-F45A-4E30-9438-010560FE4B0D} = {DA301395-F45A-4E30-9438-010560FE4B0D}
	EndProjectSection
EndProject
Project("{8BC9CEB8-8B4A-11D0-8D11-00A0C91BC942}") = "CoreRenderAPI", "CoreRenderAPI\CoreRenderAPI.vcxproj", "{60A86A91-2374-49E0-B3B3-BA0C79A2B89D}"
	ProjectSection(ProjectDependencies) = postProject
		{CF86C097-A763-4141-9975-1EA169CE7BFA} = {CF86C097-A763-4141-9975-1EA169CE7BFA}
	EndProjectSection
EndProject
Project("{8BC9CEB8-8B4A-11D0-8D11-00A0C91BC942}") = "utf8", "Externals\utf8\utf8.vcxproj", "{CC16A4DD-C5A3-43D6-9E72-17A3E052C2C2}"
EndProject
Project("{8BC9CEB8-8B4A-11D0-8D11-00A0C91BC942}") = "FMOD", "Externals\FMOD\FMOD.vcxproj", "{7847D3FA-AD68-4BFF-8F3B-3D5196B52160}"
EndProject
Global
	GlobalSection(SolutionConfigurationPlatforms) = preSolution
		Debug|x64 = Debug|x64
		Develop|x64 = Develop|x64
		Release|x64 = Release|x64
	EndGlobalSection
	GlobalSection(ProjectConfigurationPlatforms) = postSolution
		{08DBA7B5-926F-4E8A-9E0E-BC4C80CFE166}.Debug|x64.ActiveCfg = Debug|x64
		{08DBA7B5-926F-4E8A-9E0E-BC4C80CFE166}.Debug|x64.Build.0 = Debug|x64
		{08DBA7B5-926F-4E8A-9E0E-BC4C80CFE166}.Develop|x64.ActiveCfg = Develop|x64
		{08DBA7B5-926F-4E8A-9E0E-BC4C80CFE166}.Develop|x64.Build.0 = Develop|x64
		{08DBA7B5-926F-4E8A-9E0E-BC4C80CFE166}.Release|x64.ActiveCfg = Release|x64
		{08DBA7B5-926F-4E8A-9E0E-BC4C80CFE166}.Release|x64.Build.0 = Release|x64
		{7CE85089-7F97-4B12-B154-D233F498157B}.Debug|x64.ActiveCfg = Debug|x64
		{7CE85089-7F97-4B12-B154-D233F498157B}.Debug|x64.Build.0 = Debug|x64
		{7CE85089-7F97-4B12-B154-D233F498157B}.Develop|x64.ActiveCfg = Develop|x64
		{7CE85089-7F97-4B12-B154-D233F498157B}.Develop|x64.Build.0 = Develop|x64
		{7CE85089-7F97-4B12-B154-D233F498157B}.Release|x64.ActiveCfg = Release|x64
		{7CE85089-7F97-4B12-B154-D233F498157B}.Release|x64.Build.0 = Release|x64
		{FE9F3F60-3785-48E3-B7EE-DB6595D697D1}.Debug|x64.ActiveCfg = Debug|x64
		{FE9F3F60-3785-48E3-B7EE-DB6595D697D1}.Debug|x64.Build.0 = Debug|x64
		{FE9F3F60-3785-48E3-B7EE-DB6595D697D1}.Develop|x64.ActiveCfg = Develop|x64
		{FE9F3F60-3785-48E3-B7EE-DB6595D697D1}.Develop|x64.Build.0 = Develop|x64
		{FE9F3F60-3785-48E3-B7EE-DB6595D697D1}.Release|x64.ActiveCfg = Release|x64
		{FE9F3F60-3785-48E3-B7EE-DB6595D697D1}.Release|x64.Build.0 = Release|x64
		{09FDAACD-90D7-4590-BD5A-D54843FF1607}.Debug|x64.ActiveCfg = Debug|x64
		{09FDAACD-90D7-4590-BD5A-D54843FF1607}.Develop|x64.ActiveCfg = Develop|x64
		{09FDAACD-90D7-4590-BD5A-D54843FF1607}.Release|x64.ActiveCfg = Release|x64
		{BCA44BF3-EB59-4678-AF12-0A36A7D23BF0}.Debug|x64.ActiveCfg = Debug|x64
		{BCA44BF3-EB59-4678-AF12-0A36A7D23BF0}.Debug|x64.Build.0 = Debug|x64
		{BCA44BF3-EB59-4678-AF12-0A36A7D23BF0}.Develop|x64.ActiveCfg = Develop|x64
		{BCA44BF3-EB59-4678-AF12-0A36A7D23BF0}.Develop|x64.Build.0 = Develop|x64
		{BCA44BF3-EB59-4678-AF12-0A36A7D23BF0}.Release|x64.ActiveCfg = Release|x64
		{BCA44BF3-EB59-4678-AF12-0A36A7D23BF0}.Release|x64.Build.0 = Release|x64
		{895DCFB8-9A83-42CD-8F90-F9AB157C470F}.Debug|x64.ActiveCfg = Debug|x64
		{895DCFB8-9A83-42CD-8F90-F9AB157C470F}.Debug|x64.Build.0 = Debug|x64
		{895DCFB8-9A83-42CD-8F90-F9AB157C470F}.Develop|x64.ActiveCfg = Develop|x64
		{895DCFB8-9A83-42CD-8F90-F9AB157C470F}.Develop|x64.Build.0 = Develop|x64
		{895DCFB8-9A83-42CD-8F90-F9AB157C470F}.Release|x64.ActiveCfg = Release|x64
		{895DCFB8-9A83-42CD-8F90-F9AB157C470F}.Release|x64.Build.0 = Release|x64
		{DA301395-F45A-4E30-9438-010560FE4B0D}.Debug|x64.ActiveCfg = Debug|x64
		{DA301395-F45A-4E30-9438-010560FE4B0D}.Debug|x64.Build.0 = Debug|x64
		{DA301395-F45A-4E30-9438-010560FE4B0D}.Develop|x64.ActiveCfg = Develop|x64
		{DA301395-F45A-4E30-9438-010560FE4B0D}.Develop|x64.Build.0 = Develop|x64
		{DA301395-F45A-4E30-9438-010560FE4B0D}.Release|x64.ActiveCfg = Release|x64
		{DA301395-F45A-4E30-9438-010560FE4B0D}.Release|x64.Build.0 = Release|x64
		{740FCF03-10C6-48DF-87CE-16477DB3E03B}.Debug|x64.ActiveCfg = Debug|x64
		{740FCF03-10C6-48DF-87CE-16477DB3E03B}.Debug|x64.Build.0 = Debug|x64
		{740FCF03-10C6-48DF-87CE-16477DB3E03B}.Develop|x64.ActiveCfg = Develop|x64
		{740FCF03-10C6-48DF-87CE-16477DB3E03B}.Develop|x64.Build.0 = Develop|x64
		{740FCF03-10C6-48DF-87CE-16477DB3E03B}.Release|x64.ActiveCfg = Release|x64
		{740FCF03-10C6-48DF-87CE-16477DB3E03B}.Release|x64.Build.0 = Release|x64
		{F0A7238E-080B-4DA6-9593-B7BA0F5AB448}.Debug|x64.ActiveCfg = Debug|x64
		{F0A7238E-080B-4DA6-9593-B7BA0F5AB448}.Debug|x64.Build.0 = Debug|x64
		{F0A7238E-080B-4DA6-9593-B7BA0F5AB448}.Develop|x64.ActiveCfg = Develop|x64
		{F0A7238E-080B-4DA6-9593-B7BA0F5AB448}.Develop|x64.Build.0 = Develop|x64
		{F0A7238E-080B-4DA6-9593-B7BA0F5AB448}.Release|x64.ActiveCfg = Release|x64
		{F0A7238E-080B-4DA6-9593-B7BA0F5AB448}.Release|x64.Build.0 = Release|x64
		{DAA5CBE3-7297-4DBF-A49F-36880C31D996}.Debug|x64.ActiveCfg = Debug|x64
		{DAA5CBE3-7297-4DBF-A49F-36880C31D996}.Debug|x64.Build.0 = Debug|x64
		{DAA5CBE3-7297-4DBF-A49F-36880C31D996}.Develop|x64.ActiveCfg = Develop|x64
		{DAA5CBE3-7297-4DBF-A49F-36880C31D996}.Develop|x64.Build.0 = Develop|x64
		{DAA5CBE3-7297-4DBF-A49F-36880C31D996}.Release|x64.ActiveCfg = Release|x64
		{DAA5CBE3-7297-4DBF-A49F-36880C31D996}.Release|x64.Build.0 = Release|x64
		{549DF53A-067B-4739-A42C-7C2C0ED15B38}.Debug|x64.ActiveCfg = Debug|x64
		{549DF53A-067B-4739-A42C-7C2C0ED15B38}.Debug|x64.Build.0 = Debug|x64
		{549DF53A-067B-4739-A42C-7C2C0ED15B38}.Develop|x64.ActiveCfg = Develop|x64
		{549DF53A-067B-4739-A42C-7C2C0ED15B38}.Develop|x64.Build.0 = Develop|x64
		{549DF53A-067B-4739-A42C-7C2C0ED15B38}.Release|x64.ActiveCfg = Release|x64
		{549DF53A-067B-4739-A42C-7C2C0ED15B38}.Release|x64.Build.0 = Release|x64
		{71CA2519-AA9D-42AA-8313-870DC859E0A1}.Debug|x64.ActiveCfg = Debug|x64
		{71CA2519-AA9D-42AA-8313-870DC859E0A1}.Debug|x64.Build.0 = Debug|x64
		{71CA2519-AA9D-42AA-8313-870DC859E0A1}.Develop|x64.ActiveCfg = Develop|x64
		{71CA2519-AA9D-42AA-8313-870DC859E0A1}.Develop|x64.Build.0 = Develop|x64
		{71CA2519-AA9D-42AA-8313-870DC859E0A1}.Release|x64.ActiveCfg = Release|x64
		{71CA2519-AA9D-42AA-8313-870DC859E0A1}.Release|x64.Build.0 = Release|x64
		{3E0EA9DC-E455-4774-B826-56267602048E}.Debug|x64.ActiveCfg = Debug|x64
		{3E0EA9DC-E455-4774-B826-56267602048E}.Debug|x64.Build.0 = Debug|x64
		{3E0EA9DC-E455-4774-B826-56267602048E}.Develop|x64.ActiveCfg = Develop|x64
		{3E0EA9DC-E455-4774-B826-56267602048E}.Develop|x64.Build.0 = Develop|x64
		{3E0EA9DC-E455-4774-B826-56267602048E}.Release|x64.ActiveCfg = Release|x64
		{3E0EA9DC-E455-4774-B826-56267602048E}.Release|x64.Build.0 = Release|x64
		{770E3C71-4682-45CA-86A3-402013B90015}.Debug|x64.ActiveCfg = Debug|x64
		{770E3C71-4682-45CA-86A3-402013B90015}.Debug|x64.Build.0 = Debug|x64
		{770E3C71-4682-45CA-86A3-402013B90015}.Develop|x64.ActiveCfg = Develop|x64
		{770E3C71-4682-45CA-86A3-402013B90015}.Develop|x64.Build.0 = Develop|x64
		{770E3C71-4682-45CA-86A3-402013B90015}.Release|x64.ActiveCfg = Release|x64
		{770E3C71-4682-45CA-86A3-402013B90015}.Release|x64.Build.0 = Release|x64
		{CF86C097-A763-4141-9975-1EA169CE7BFA}.Debug|x64.ActiveCfg = Debug|x64
		{CF86C097-A763-4141-9975-1EA169CE7BFA}.Debug|x64.Build.0 = Debug|x64
		{CF86C097-A763-4141-9975-1EA169CE7BFA}.Develop|x64.ActiveCfg = Develop|x64
		{CF86C097-A763-4141-9975-1EA169CE7BFA}.Develop|x64.Build.0 = Develop|x64
		{CF86C097-A763-4141-9975-1EA169CE7BFA}.Release|x64.ActiveCfg = Release|x64
		{CF86C097-A763-4141-9975-1EA169CE7BFA}.Release|x64.Build.0 = Release|x64
		{60A86A91-2374-49E0-B3B3-BA0C79A2B89D}.Debug|x64.ActiveCfg = Debug|x64
		{60A86A91-2374-49E0-B3B3-BA0C79A2B89D}.Debug|x64.Build.0 = Debug|x64
		{60A86A91-2374-49E0-B3B3-BA0C79A2B89D}.Develop|x64.ActiveCfg = Develop|x64
		{60A86A91-2374-49E0-B3B3-BA0C79A2B89D}.Develop|x64.Build.0 = Develop|x64
		{60A86A91-2374-49E0-B3B3-BA0C79A2B89D}.Release|x64.ActiveCfg = Release|x64
		{60A86A91-2374-49E0-B3B3-BA0C79A2B89D}.Release|x64.Build.0 = Release|x64
		{CC16A4DD-C5A3-43D6-9E72-17A3E052C2C2}.Debug|x64.ActiveCfg = Debug|x64
		{CC16A4DD-C5A3-43D6-9E72-17A3E052C2C2}.Debug|x64.Build.0 = Debug|x64
		{CC16A4DD-C5A3-43D6-9E72-17A3E052C2C2}.Develop|x64.ActiveCfg = Develop|x64
		{CC16A4DD-C5A3-43D6-9E72-17A3E052C2C2}.Develop|x64.Build.0 = Develop|x64
		{CC16A4DD-C5A3-43D6-9E72-17A3E052C2C2}.Release|x64.ActiveCfg = Release|x64
		{CC16A4DD-C5A3-43D6-9E72-17A3E052C2C2}.Release|x64.Build.0 = Release|x64
		{7847D3FA-AD68-4BFF-8F3B-3D5196B52160}.Debug|x64.ActiveCfg = Debug|x64
		{7847D3FA-AD68-4BFF-8F3B-3D5196B52160}.Debug|x64.Build.0 = Debug|x64
		{7847D3FA-AD68-4BFF-8F3B-3D5196B52160}.Develop|x64.ActiveCfg = Develop|x64
		{7847D3FA-AD68-4BFF-8F3B-3D5196B52160}.Develop|x64.Build.0 = Develop|x64
		{7847D3FA-AD68-4BFF-8F3B-3D5196B52160}.Release|x64.ActiveCfg = Release|x64
		{7847D3FA-AD68-4BFF-8F3B-3D5196B52160}.Release|x64.Build.0 = Release|x64
	EndGlobalSection
	GlobalSection(SolutionProperties) = preSolution
		HideSolutionNode = FALSE
	EndGlobalSection
	GlobalSection(NestedProjects) = preSolution
		{7CE85089-7F97-4B12-B154-D233F498157B} = {EA1E3F25-85E7-46CA-B407-BB77F803EEED}
		{BCA44BF3-EB59-4678-AF12-0A36A7D23BF0} = {EA1E3F25-85E7-46CA-B407-BB77F803EEED}
		{895DCFB8-9A83-42CD-8F90-F9AB157C470F} = {EA1E3F25-85E7-46CA-B407-BB77F803EEED}
		{DA301395-F45A-4E30-9438-010560FE4B0D} = {EA1E3F25-85E7-46CA-B407-BB77F803EEED}
		{740FCF03-10C6-48DF-87CE-16477DB3E03B} = {EA1E3F25-85E7-46CA-B407-BB77F803EEED}
		{F0A7238E-080B-4DA6-9593-B7BA0F5AB448} = {EA1E3F25-85E7-46CA-B407-BB77F803EEED}
		{DAA5CBE3-7297-4DBF-A49F-36880C31D996} = {EA1E3F25-85E7-46CA-B407-BB77F803EEED}
		{549DF53A-067B-4739-A42C-7C2C0ED15B38} = {EA1E3F25-85E7-46CA-B407-BB77F803EEED}
		{71CA2519-AA9D-42AA-8313-870DC859E0A1} = {EA1E3F25-85E7-46CA-B407-BB77F803EEED}
		{3E0EA9DC-E455-4774-B826-56267602048E} = {EA1E3F25-85E7-46CA-B407-BB77F803EEED}
		{770E3C71-4682-45CA-86A3-402013B90015} = {EA1E3F25-85E7-46CA-B407-BB77F803EEED}
		{CF86C097-A763-4141-9975-1EA169CE7BFA} = {E8420264-ADB6-461E-AE29-1BE57E74B9F2}
		{60A86A91-2374-49E0-B3B3-BA0C79A2B89D} = {E8420264-ADB6-461E-AE29-1BE57E74B9F2}
		{CC16A4DD-C5A3-43D6-9E72-17A3E052C2C2} = {EA1E3F25-85E7-46CA-B407-BB77F803EEED}
		{7847D3FA-AD68-4BFF-8F3B-3D5196B52160} = {EA1E3F25-85E7-46CA-B407-BB77F803EEED}
	EndGlobalSection
	GlobalSection(ExtensibilityGlobals) = postSolution
		SolutionGuid = {96443404-63DC-4590-9BB1-5C1DB528C266}
	EndGlobalSection
EndGlobal
